// !$*UTF8*$!
{
	archiveVersion = 1;
	classes = {
	};
	objectVersion = 46;
	objects = {

/* Begin PBXBuildFile section */
		DAEA61E319057D6900FD9E39 /* Foundation.framework in Frameworks */ = {isa = PBXBuildFile; fileRef = DAEA61E219057D6900FD9E39 /* Foundation.framework */; };
		DAEA61E519057D6900FD9E39 /* CoreGraphics.framework in Frameworks */ = {isa = PBXBuildFile; fileRef = DAEA61E419057D6900FD9E39 /* CoreGraphics.framework */; };
		DAEA61E719057D6900FD9E39 /* UIKit.framework in Frameworks */ = {isa = PBXBuildFile; fileRef = DAEA61E619057D6900FD9E39 /* UIKit.framework */; };
		DAEA61ED19057D6900FD9E39 /* InfoPlist.strings in Resources */ = {isa = PBXBuildFile; fileRef = DAEA61EB19057D6900FD9E39 /* InfoPlist.strings */; };
		DAEA61EF19057D6900FD9E39 /* main.m in Sources */ = {isa = PBXBuildFile; fileRef = DAEA61EE19057D6900FD9E39 /* main.m */; };
		DAEA61F319057D6900FD9E39 /* AppDelegate.m in Sources */ = {isa = PBXBuildFile; fileRef = DAEA61F219057D6900FD9E39 /* AppDelegate.m */; };
		DAEA61F619057D6900FD9E39 /* Main.storyboard in Resources */ = {isa = PBXBuildFile; fileRef = DAEA61F419057D6900FD9E39 /* Main.storyboard */; };
		DAEA61F919057D6900FD9E39 /* ViewController.m in Sources */ = {isa = PBXBuildFile; fileRef = DAEA61F819057D6900FD9E39 /* ViewController.m */; };
		DAEA61FB19057D6900FD9E39 /* Images.xcassets in Resources */ = {isa = PBXBuildFile; fileRef = DAEA61FA19057D6900FD9E39 /* Images.xcassets */; };
		DAEA620219057D6900FD9E39 /* XCTest.framework in Frameworks */ = {isa = PBXBuildFile; fileRef = DAEA620119057D6900FD9E39 /* XCTest.framework */; };
		DAEA620319057D6900FD9E39 /* Foundation.framework in Frameworks */ = {isa = PBXBuildFile; fileRef = DAEA61E219057D6900FD9E39 /* Foundation.framework */; };
		DAEA620419057D6900FD9E39 /* UIKit.framework in Frameworks */ = {isa = PBXBuildFile; fileRef = DAEA61E619057D6900FD9E39 /* UIKit.framework */; };
		DAEA620C19057D6900FD9E39 /* InfoPlist.strings in Resources */ = {isa = PBXBuildFile; fileRef = DAEA620A19057D6900FD9E39 /* InfoPlist.strings */; };
		DAEA620E19057D6900FD9E39 /* CustomXibUIViewTests.m in Sources */ = {isa = PBXBuildFile; fileRef = DAEA620D19057D6900FD9E39 /* CustomXibUIViewTests.m */; };
		DAEA621919057DDE00FD9E39 /* SliderView.m in Sources */ = {isa = PBXBuildFile; fileRef = DAEA621819057DDE00FD9E39 /* SliderView.m */; };
		DAEA621B19057DFB00FD9E39 /* SliderView.xib in Resources */ = {isa = PBXBuildFile; fileRef = DAEA621A19057DFB00FD9E39 /* SliderView.xib */; };
/* End PBXBuildFile section */

/* Begin PBXContainerItemProxy section */
		DAEA620519057D6900FD9E39 /* PBXContainerItemProxy */ = {
			isa = PBXContainerItemProxy;
			containerPortal = DAEA61D719057D6900FD9E39 /* Project object */;
			proxyType = 1;
			remoteGlobalIDString = DAEA61DE19057D6900FD9E39;
			remoteInfo = CustomXibUIView;
		};
/* End PBXContainerItemProxy section */

/* Begin PBXFileReference section */
		DAEA61DF19057D6900FD9E39 /* CustomXibUIView - Part 2.app */ = {isa = PBXFileReference; explicitFileType = wrapper.application; includeInIndex = 0; path = "CustomXibUIView - Part 2.app"; sourceTree = BUILT_PRODUCTS_DIR; };
		DAEA61E219057D6900FD9E39 /* Foundation.framework */ = {isa = PBXFileReference; lastKnownFileType = wrapper.framework; name = Foundation.framework; path = System/Library/Frameworks/Foundation.framework; sourceTree = SDKROOT; };
		DAEA61E419057D6900FD9E39 /* CoreGraphics.framework */ = {isa = PBXFileReference; lastKnownFileType = wrapper.framework; name = CoreGraphics.framework; path = System/Library/Frameworks/CoreGraphics.framework; sourceTree = SDKROOT; };
		DAEA61E619057D6900FD9E39 /* UIKit.framework */ = {isa = PBXFileReference; lastKnownFileType = wrapper.framework; name = UIKit.framework; path = System/Library/Frameworks/UIKit.framework; sourceTree = SDKROOT; };
		DAEA61EA19057D6900FD9E39 /* CustomXibUIView - Part 2-Info.plist */ = {isa = PBXFileReference; lastKnownFileType = text.plist.xml; path = "CustomXibUIView - Part 2-Info.plist"; sourceTree = "<group>"; };
		DAEA61EC19057D6900FD9E39 /* en */ = {isa = PBXFileReference; lastKnownFileType = text.plist.strings; name = en; path = en.lproj/InfoPlist.strings; sourceTree = "<group>"; };
		DAEA61EE19057D6900FD9E39 /* main.m */ = {isa = PBXFileReference; lastKnownFileType = sourcecode.c.objc; path = main.m; sourceTree = "<group>"; };
		DAEA61F019057D6900FD9E39 /* CustomXibUIView - Part 2-Prefix.pch */ = {isa = PBXFileReference; lastKnownFileType = sourcecode.c.h; path = "CustomXibUIView - Part 2-Prefix.pch"; sourceTree = "<group>"; };
		DAEA61F119057D6900FD9E39 /* AppDelegate.h */ = {isa = PBXFileReference; lastKnownFileType = sourcecode.c.h; path = AppDelegate.h; sourceTree = "<group>"; };
		DAEA61F219057D6900FD9E39 /* AppDelegate.m */ = {isa = PBXFileReference; lastKnownFileType = sourcecode.c.objc; path = AppDelegate.m; sourceTree = "<group>"; };
		DAEA61F519057D6900FD9E39 /* Base */ = {isa = PBXFileReference; lastKnownFileType = file.storyboard; name = Base; path = Base.lproj/Main.storyboard; sourceTree = "<group>"; };
		DAEA61F719057D6900FD9E39 /* ViewController.h */ = {isa = PBXFileReference; lastKnownFileType = sourcecode.c.h; path = ViewController.h; sourceTree = "<group>"; };
		DAEA61F819057D6900FD9E39 /* ViewController.m */ = {isa = PBXFileReference; lastKnownFileType = sourcecode.c.objc; path = ViewController.m; sourceTree = "<group>"; };
		DAEA61FA19057D6900FD9E39 /* Images.xcassets */ = {isa = PBXFileReference; lastKnownFileType = folder.assetcatalog; path = Images.xcassets; sourceTree = "<group>"; };
		DAEA620019057D6900FD9E39 /* CustomXibUIView - Part 2Tests.xctest */ = {isa = PBXFileReference; explicitFileType = wrapper.cfbundle; includeInIndex = 0; path = "CustomXibUIView - Part 2Tests.xctest"; sourceTree = BUILT_PRODUCTS_DIR; };
		DAEA620119057D6900FD9E39 /* XCTest.framework */ = {isa = PBXFileReference; lastKnownFileType = wrapper.framework; name = XCTest.framework; path = Library/Frameworks/XCTest.framework; sourceTree = DEVELOPER_DIR; };
		DAEA620919057D6900FD9E39 /* CustomXibUIView - Part 2Tests-Info.plist */ = {isa = PBXFileReference; lastKnownFileType = text.plist.xml; path = "CustomXibUIView - Part 2Tests-Info.plist"; sourceTree = "<group>"; };
		DAEA620B19057D6900FD9E39 /* en */ = {isa = PBXFileReference; lastKnownFileType = text.plist.strings; name = en; path = en.lproj/InfoPlist.strings; sourceTree = "<group>"; };
		DAEA620D19057D6900FD9E39 /* CustomXibUIViewTests.m */ = {isa = PBXFileReference; lastKnownFileType = sourcecode.c.objc; path = CustomXibUIViewTests.m; sourceTree = "<group>"; };
		DAEA621719057DDE00FD9E39 /* SliderView.h */ = {isa = PBXFileReference; fileEncoding = 4; lastKnownFileType = sourcecode.c.h; path = SliderView.h; sourceTree = "<group>"; };
		DAEA621819057DDE00FD9E39 /* SliderView.m */ = {isa = PBXFileReference; fileEncoding = 4; lastKnownFileType = sourcecode.c.objc; path = SliderView.m; sourceTree = "<group>"; };
		DAEA621A19057DFB00FD9E39 /* SliderView.xib */ = {isa = PBXFileReference; fileEncoding = 4; lastKnownFileType = file.xib; path = SliderView.xib; sourceTree = "<group>"; };
/* End PBXFileReference section */

/* Begin PBXFrameworksBuildPhase section */
		DAEA61DC19057D6900FD9E39 /* Frameworks */ = {
			isa = PBXFrameworksBuildPhase;
			buildActionMask = 2147483647;
			files = (
				DAEA61E519057D6900FD9E39 /* CoreGraphics.framework in Frameworks */,
				DAEA61E719057D6900FD9E39 /* UIKit.framework in Frameworks */,
				DAEA61E319057D6900FD9E39 /* Foundation.framework in Frameworks */,
			);
			runOnlyForDeploymentPostprocessing = 0;
		};
		DAEA61FD19057D6900FD9E39 /* Frameworks */ = {
			isa = PBXFrameworksBuildPhase;
			buildActionMask = 2147483647;
			files = (
				DAEA620219057D6900FD9E39 /* XCTest.framework in Frameworks */,
				DAEA620419057D6900FD9E39 /* UIKit.framework in Frameworks */,
				DAEA620319057D6900FD9E39 /* Foundation.framework in Frameworks */,
			);
			runOnlyForDeploymentPostprocessing = 0;
		};
/* End PBXFrameworksBuildPhase section */

/* Begin PBXGroup section */
		DAEA61D619057D6900FD9E39 = {
			isa = PBXGroup;
			children = (
				DAEA61E819057D6900FD9E39 /* CustomXibUIView */,
				DAEA620719057D6900FD9E39 /* CustomXibUIViewTests */,
				DAEA61E119057D6900FD9E39 /* Frameworks */,
				DAEA61E019057D6900FD9E39 /* Products */,
			);
			sourceTree = "<group>";
		};
		DAEA61E019057D6900FD9E39 /* Products */ = {
			isa = PBXGroup;
			children = (
				DAEA61DF19057D6900FD9E39 /* CustomXibUIView - Part 2.app */,
				DAEA620019057D6900FD9E39 /* CustomXibUIView - Part 2Tests.xctest */,
			);
			name = Products;
			sourceTree = "<group>";
		};
		DAEA61E119057D6900FD9E39 /* Frameworks */ = {
			isa = PBXGroup;
			children = (
				DAEA61E219057D6900FD9E39 /* Foundation.framework */,
				DAEA61E419057D6900FD9E39 /* CoreGraphics.framework */,
				DAEA61E619057D6900FD9E39 /* UIKit.framework */,
				DAEA620119057D6900FD9E39 /* XCTest.framework */,
			);
			name = Frameworks;
			sourceTree = "<group>";
		};
		DAEA61E819057D6900FD9E39 /* CustomXibUIView */ = {
			isa = PBXGroup;
			children = (
				DAEA61F119057D6900FD9E39 /* AppDelegate.h */,
				DAEA61F219057D6900FD9E39 /* AppDelegate.m */,
				DAEA61F419057D6900FD9E39 /* Main.storyboard */,
				DAEA61F719057D6900FD9E39 /* ViewController.h */,
				DAEA61F819057D6900FD9E39 /* ViewController.m */,
				DAEA621719057DDE00FD9E39 /* SliderView.h */,
				DAEA621819057DDE00FD9E39 /* SliderView.m */,
				DAEA621A19057DFB00FD9E39 /* SliderView.xib */,
				DAEA61FA19057D6900FD9E39 /* Images.xcassets */,
				DAEA61E919057D6900FD9E39 /* Supporting Files */,
			);
			path = CustomXibUIView;
			sourceTree = "<group>";
		};
		DAEA61E919057D6900FD9E39 /* Supporting Files */ = {
			isa = PBXGroup;
			children = (
				DAEA61EA19057D6900FD9E39 /* CustomXibUIView - Part 2-Info.plist */,
				DAEA61EB19057D6900FD9E39 /* InfoPlist.strings */,
				DAEA61EE19057D6900FD9E39 /* main.m */,
				DAEA61F019057D6900FD9E39 /* CustomXibUIView - Part 2-Prefix.pch */,
			);
			name = "Supporting Files";
			sourceTree = "<group>";
		};
		DAEA620719057D6900FD9E39 /* CustomXibUIViewTests */ = {
			isa = PBXGroup;
			children = (
				DAEA620D19057D6900FD9E39 /* CustomXibUIViewTests.m */,
				DAEA620819057D6900FD9E39 /* Supporting Files */,
			);
			path = CustomXibUIViewTests;
			sourceTree = "<group>";
		};
		DAEA620819057D6900FD9E39 /* Supporting Files */ = {
			isa = PBXGroup;
			children = (
				DAEA620919057D6900FD9E39 /* CustomXibUIView - Part 2Tests-Info.plist */,
				DAEA620A19057D6900FD9E39 /* InfoPlist.strings */,
			);
			name = "Supporting Files";
			sourceTree = "<group>";
		};
/* End PBXGroup section */

/* Begin PBXNativeTarget section */
		DAEA61DE19057D6900FD9E39 /* CustomXibUIView - Part 2 */ = {
			isa = PBXNativeTarget;
			buildConfigurationList = DAEA621119057D6900FD9E39 /* Build configuration list for PBXNativeTarget "CustomXibUIView - Part 2" */;
			buildPhases = (
				DAEA61DB19057D6900FD9E39 /* Sources */,
				DAEA61DC19057D6900FD9E39 /* Frameworks */,
				DAEA61DD19057D6900FD9E39 /* Resources */,
			);
			buildRules = (
			);
			dependencies = (
			);
			name = "CustomXibUIView - Part 2";
			productName = CustomXibUIView;
			productReference = DAEA61DF19057D6900FD9E39 /* CustomXibUIView - Part 2.app */;
			productType = "com.apple.product-type.application";
		};
		DAEA61FF19057D6900FD9E39 /* CustomXibUIView - Part 2Tests */ = {
			isa = PBXNativeTarget;
			buildConfigurationList = DAEA621419057D6900FD9E39 /* Build configuration list for PBXNativeTarget "CustomXibUIView - Part 2Tests" */;
			buildPhases = (
				DAEA61FC19057D6900FD9E39 /* Sources */,
				DAEA61FD19057D6900FD9E39 /* Frameworks */,
				DAEA61FE19057D6900FD9E39 /* Resources */,
			);
			buildRules = (
			);
			dependencies = (
				DAEA620619057D6900FD9E39 /* PBXTargetDependency */,
			);
			name = "CustomXibUIView - Part 2Tests";
			productName = CustomXibUIViewTests;
			productReference = DAEA620019057D6900FD9E39 /* CustomXibUIView - Part 2Tests.xctest */;
			productType = "com.apple.product-type.bundle.unit-test";
		};
/* End PBXNativeTarget section */

/* Begin PBXProject section */
		DAEA61D719057D6900FD9E39 /* Project object */ = {
			isa = PBXProject;
			attributes = {
				LastUpgradeCheck = 0510;
				ORGANIZATIONNAME = "Paul Solt";
				TargetAttributes = {
					DAEA61FF19057D6900FD9E39 = {
						TestTargetID = DAEA61DE19057D6900FD9E39;
					};
				};
			};
			buildConfigurationList = DAEA61DA19057D6900FD9E39 /* Build configuration list for PBXProject "CustomXibUIView - Part 2" */;
			compatibilityVersion = "Xcode 3.2";
			developmentRegion = English;
			hasScannedForEncodings = 0;
			knownRegions = (
				en,
				Base,
			);
			mainGroup = DAEA61D619057D6900FD9E39;
			productRefGroup = DAEA61E019057D6900FD9E39 /* Products */;
			projectDirPath = "";
			projectRoot = "";
			targets = (
				DAEA61DE19057D6900FD9E39 /* CustomXibUIView - Part 2 */,
				DAEA61FF19057D6900FD9E39 /* CustomXibUIView - Part 2Tests */,
			);
		};
/* End PBXProject section */

/* Begin PBXResourcesBuildPhase section */
		DAEA61DD19057D6900FD9E39 /* Resources */ = {
			isa = PBXResourcesBuildPhase;
			buildActionMask = 2147483647;
			files = (
				DAEA61FB19057D6900FD9E39 /* Images.xcassets in Resources */,
				DAEA621B19057DFB00FD9E39 /* SliderView.xib in Resources */,
				DAEA61ED19057D6900FD9E39 /* InfoPlist.strings in Resources */,
				DAEA61F619057D6900FD9E39 /* Main.storyboard in Resources */,
			);
			runOnlyForDeploymentPostprocessing = 0;
		};
		DAEA61FE19057D6900FD9E39 /* Resources */ = {
			isa = PBXResourcesBuildPhase;
			buildActionMask = 2147483647;
			files = (
				DAEA620C19057D6900FD9E39 /* InfoPlist.strings in Resources */,
			);
			runOnlyForDeploymentPostprocessing = 0;
		};
/* End PBXResourcesBuildPhase section */

/* Begin PBXSourcesBuildPhase section */
		DAEA61DB19057D6900FD9E39 /* Sources */ = {
			isa = PBXSourcesBuildPhase;
			buildActionMask = 2147483647;
			files = (
				DAEA61F919057D6900FD9E39 /* ViewController.m in Sources */,
				DAEA621919057DDE00FD9E39 /* SliderView.m in Sources */,
				DAEA61F319057D6900FD9E39 /* AppDelegate.m in Sources */,
				DAEA61EF19057D6900FD9E39 /* main.m in Sources */,
			);
			runOnlyForDeploymentPostprocessing = 0;
		};
		DAEA61FC19057D6900FD9E39 /* Sources */ = {
			isa = PBXSourcesBuildPhase;
			buildActionMask = 2147483647;
			files = (
				DAEA620E19057D6900FD9E39 /* CustomXibUIViewTests.m in Sources */,
			);
			runOnlyForDeploymentPostprocessing = 0;
		};
/* End PBXSourcesBuildPhase section */

/* Begin PBXTargetDependency section */
		DAEA620619057D6900FD9E39 /* PBXTargetDependency */ = {
			isa = PBXTargetDependency;
			target = DAEA61DE19057D6900FD9E39 /* CustomXibUIView - Part 2 */;
			targetProxy = DAEA620519057D6900FD9E39 /* PBXContainerItemProxy */;
		};
/* End PBXTargetDependency section */

/* Begin PBXVariantGroup section */
		DAEA61EB19057D6900FD9E39 /* InfoPlist.strings */ = {
			isa = PBXVariantGroup;
			children = (
				DAEA61EC19057D6900FD9E39 /* en */,
			);
			name = InfoPlist.strings;
			sourceTree = "<group>";
		};
		DAEA61F419057D6900FD9E39 /* Main.storyboard */ = {
			isa = PBXVariantGroup;
			children = (
				DAEA61F519057D6900FD9E39 /* Base */,
			);
			name = Main.storyboard;
			sourceTree = "<group>";
		};
		DAEA620A19057D6900FD9E39 /* InfoPlist.strings */ = {
			isa = PBXVariantGroup;
			children = (
				DAEA620B19057D6900FD9E39 /* en */,
			);
			name = InfoPlist.strings;
			sourceTree = "<group>";
		};
/* End PBXVariantGroup section */

/* Begin XCBuildConfiguration section */
		DAEA620F19057D6900FD9E39 /* Debug */ = {
			isa = XCBuildConfiguration;
			buildSettings = {
				ALWAYS_SEARCH_USER_PATHS = NO;
				CLANG_CXX_LANGUAGE_STANDARD = "gnu++0x";
				CLANG_CXX_LIBRARY = "libc++";
				CLANG_ENABLE_MODULES = YES;
				CLANG_ENABLE_OBJC_ARC = YES;
				CLANG_WARN_BOOL_CONVERSION = YES;
				CLANG_WARN_CONSTANT_CONVERSION = YES;
				CLANG_WARN_DIRECT_OBJC_ISA_USAGE = YES_ERROR;
				CLANG_WARN_EMPTY_BODY = YES;
				CLANG_WARN_ENUM_CONVERSION = YES;
				CLANG_WARN_INT_CONVERSION = YES;
				CLANG_WARN_OBJC_ROOT_CLASS = YES_ERROR;
				CLANG_WARN__DUPLICATE_METHOD_MATCH = YES;
				"CODE_SIGN_IDENTITY[sdk=iphoneos*]" = "iPhone Developer";
				COPY_PHASE_STRIP = NO;
				GCC_C_LANGUAGE_STANDARD = gnu99;
				GCC_DYNAMIC_NO_PIC = NO;
				GCC_OPTIMIZATION_LEVEL = 0;
				GCC_PREPROCESSOR_DEFINITIONS = (
					"DEBUG=1",
					"$(inherited)",
				);
				GCC_SYMBOLS_PRIVATE_EXTERN = NO;
				GCC_WARN_64_TO_32_BIT_CONVERSION = YES;
				GCC_WARN_ABOUT_RETURN_TYPE = YES_ERROR;
				GCC_WARN_UNDECLARED_SELECTOR = YES;
				GCC_WARN_UNINITIALIZED_AUTOS = YES_AGGRESSIVE;
				GCC_WARN_UNUSED_FUNCTION = YES;
				GCC_WARN_UNUSED_VARIABLE = YES;
				IPHONEOS_DEPLOYMENT_TARGET = 7.1;
				ONLY_ACTIVE_ARCH = YES;
				SDKROOT = iphoneos;
			};
			name = Debug;
		};
		DAEA621019057D6900FD9E39 /* Release */ = {
			isa = XCBuildConfiguration;
			buildSettings = {
				ALWAYS_SEARCH_USER_PATHS = NO;
				CLANG_CXX_LANGUAGE_STANDARD = "gnu++0x";
				CLANG_CXX_LIBRARY = "libc++";
				CLANG_ENABLE_MODULES = YES;
				CLANG_ENABLE_OBJC_ARC = YES;
				CLANG_WARN_BOOL_CONVERSION = YES;
				CLANG_WARN_CONSTANT_CONVERSION = YES;
				CLANG_WARN_DIRECT_OBJC_ISA_USAGE = YES_ERROR;
				CLANG_WARN_EMPTY_BODY = YES;
				CLANG_WARN_ENUM_CONVERSION = YES;
				CLANG_WARN_INT_CONVERSION = YES;
				CLANG_WARN_OBJC_ROOT_CLASS = YES_ERROR;
				CLANG_WARN__DUPLICATE_METHOD_MATCH = YES;
				"CODE_SIGN_IDENTITY[sdk=iphoneos*]" = "iPhone Developer";
				COPY_PHASE_STRIP = YES;
				ENABLE_NS_ASSERTIONS = NO;
				GCC_C_LANGUAGE_STANDARD = gnu99;
				GCC_WARN_64_TO_32_BIT_CONVERSION = YES;
				GCC_WARN_ABOUT_RETURN_TYPE = YES_ERROR;
				GCC_WARN_UNDECLARED_SELECTOR = YES;
				GCC_WARN_UNINITIALIZED_AUTOS = YES_AGGRESSIVE;
				GCC_WARN_UNUSED_FUNCTION = YES;
				GCC_WARN_UNUSED_VARIABLE = YES;
				IPHONEOS_DEPLOYMENT_TARGET = 7.1;
				SDKROOT = iphoneos;
				VALIDATE_PRODUCT = YES;
			};
			name = Release;
		};
		DAEA621219057D6900FD9E39 /* Debug */ = {
			isa = XCBuildConfiguration;
			buildSettings = {
				ASSETCATALOG_COMPILER_APPICON_NAME = AppIcon;
				ASSETCATALOG_COMPILER_LAUNCHIMAGE_NAME = LaunchImage;
				GCC_PRECOMPILE_PREFIX_HEADER = YES;
				GCC_PREFIX_HEADER = "CustomXibUIView/CustomXibUIView - Part 2-Prefix.pch";
				INFOPLIST_FILE = "CustomXibUIView/CustomXibUIView - Part 2-Info.plist";
				PRODUCT_NAME = "CustomXibUIView - Part 2";
				WRAPPER_EXTENSION = app;
			};
			name = Debug;
		};
		DAEA621319057D6900FD9E39 /* Release */ = {
			isa = XCBuildConfiguration;
			buildSettings = {
				ASSETCATALOG_COMPILER_APPICON_NAME = AppIcon;
				ASSETCATALOG_COMPILER_LAUNCHIMAGE_NAME = LaunchImage;
				GCC_PRECOMPILE_PREFIX_HEADER = YES;
				GCC_PREFIX_HEADER = "CustomXibUIView/CustomXibUIView - Part 2-Prefix.pch";
				INFOPLIST_FILE = "CustomXibUIView/CustomXibUIView - Part 2-Info.plist";
				PRODUCT_NAME = "CustomXibUIView - Part 2";
				WRAPPER_EXTENSION = app;
			};
			name = Release;
		};
		DAEA621519057D6900FD9E39 /* Debug */ = {
			isa = XCBuildConfiguration;
			buildSettings = {
				BUNDLE_LOADER = "$(BUILT_PRODUCTS_DIR)/CustomXibUIView.app/CustomXibUIView";
				FRAMEWORK_SEARCH_PATHS = (
					"$(SDKROOT)/Developer/Library/Frameworks",
					"$(inherited)",
					"$(DEVELOPER_FRAMEWORKS_DIR)",
				);
				GCC_PRECOMPILE_PREFIX_HEADER = YES;
				GCC_PREFIX_HEADER = "CustomXibUIView/CustomXibUIView-Prefix.pch";
				GCC_PREPROCESSOR_DEFINITIONS = (
					"DEBUG=1",
					"$(inherited)",
				);
				INFOPLIST_FILE = "CustomXibUIViewTests/CustomXibUIView - Part 2Tests-Info.plist";
				PRODUCT_NAME = "CustomXibUIView - Part 2Tests";
				TEST_HOST = "$(BUNDLE_LOADER)";
				WRAPPER_EXTENSION = xctest;
			};
			name = Debug;
		};
		DAEA621619057D6900FD9E39 /* Release */ = {
			isa = XCBuildConfiguration;
			buildSettings = {
				BUNDLE_LOADER = "$(BUILT_PRODUCTS_DIR)/CustomXibUIView.app/CustomXibUIView";
				FRAMEWORK_SEARCH_PATHS = (
					"$(SDKROOT)/Developer/Library/Frameworks",
					"$(inherited)",
					"$(DEVELOPER_FRAMEWORKS_DIR)",
				);
				GCC_PRECOMPILE_PREFIX_HEADER = YES;
				GCC_PREFIX_HEADER = "CustomXibUIView/CustomXibUIView-Prefix.pch";
				INFOPLIST_FILE = "CustomXibUIViewTests/CustomXibUIView - Part 2Tests-Info.plist";
				PRODUCT_NAME = "CustomXibUIView - Part 2Tests";
				TEST_HOST = "$(BUNDLE_LOADER)";
				WRAPPER_EXTENSION = xctest;
			};
			name = Release;
		};
/* End XCBuildConfiguration section */

/* Begin XCConfigurationList section */
		DAEA61DA19057D6900FD9E39 /* Build configuration list for PBXProject "CustomXibUIView - Part 2" */ = {
			isa = XCConfigurationList;
			buildConfigurations = (
				DAEA620F19057D6900FD9E39 /* Debug */,
				DAEA621019057D6900FD9E39 /* Release */,
			);
			defaultConfigurationIsVisible = 0;
			defaultConfigurationName = Release;
		};
		DAEA621119057D6900FD9E39 /* Build configuration list for PBXNativeTarget "CustomXibUIView - Part 2" */ = {
			isa = XCConfigurationList;
			buildConfigurations = (
				DAEA621219057D6900FD9E39 /* Debug */,
				DAEA621319057D6900FD9E39 /* Release */,
			);
			defaultConfigurationIsVisible = 0;
			defaultConfigurationName = Release;
		};
		DAEA621419057D6900FD9E39 /* Build configuration list for PBXNativeTarget "CustomXibUIView - Part 2Tests" */ = {
			isa = XCConfigurationList;
			buildConfigurations = (
				DAEA621519057D6900FD9E39 /* Debug */,
				DAEA621619057D6900FD9E39 /* Release */,
			);
			defaultConfigurationIsVisible = 0;
			defaultConfigurationName = Release;
		};
/* End XCConfigurationList section */
	};
	rootObject = DAEA61D719057D6900FD9E39 /* Project object */;
}
